
Microsoft Visual Studio Solution File, Format Version 12.00
# Visual Studio Version 17
VisualStudioVersion = 17.2.32630.192
MinimumVisualStudioVersion = 10.0.40219.1
Project("{9A19103F-16F7-4668-BE54-9A1E7A4F7556}") = "F10Y.L0038", "F10Y.L0038\F10Y.L0038.csproj", "{1B5C555B-2E70-4892-9DE1-A58A1C2384E6}"
EndProject
Global
	GlobalSection(SolutionConfigurationPlatforms) = preSolution
		Debug|Any CPU = Debug|Any CPU
		Release|Any CPU = Release|Any CPU
	EndGlobalSection
	GlobalSection(ProjectConfigurationPlatforms) = postSolution
		{1B5C555B-2E70-4892-9DE1-A58A1C2384E6}.Debug|Any CPU.ActiveCfg = Debug|Any CPU
		{1B5C555B-2E70-4892-9DE1-A58A1C2384E6}.Debug|Any CPU.Build.0 = Debug|Any CPU
		{1B5C555B-2E70-4892-9DE1-A58A1C2384E6}.Release|Any CPU.ActiveCfg = Release|Any CPU
		{1B5C555B-2E70-4892-9DE1-A58A1C2384E6}.Release|Any CPU.Build.0 = Release|Any CPU
	EndGlobalSection
	GlobalSection(SolutionProperties) = preSolution
		HideSolutionNode = FALSE
	EndGlobalSection
	GlobalSection(ExtensibilityGlobals) = postSolution
		SolutionGuid = {973B5333-FDE5-495D-94ED-10B3AE392DDE}
	EndGlobalSection
EndGlobal
